
Microsoft Visual Studio Solution File, Format Version 12.00
# Visual Studio Version 17
VisualStudioVersion = 17.9.34728.123
MinimumVisualStudioVersion = 10.0.40219.1
Project("{FAE04EC0-301F-11D3-BF4B-00C04F79EFBC}") = "C# 005", "C# 005\C# 005.csproj", "{28EED0C8-6AAF-404B-AB7A-0CE9E0E3A1DF}"
EndProject
Global
	GlobalSection(SolutionConfigurationPlatforms) = preSolution
		Debug|Any CPU = Debug|Any CPU
		Release|Any CPU = Release|Any CPU
	EndGlobalSection
	GlobalSection(ProjectConfigurationPlatforms) = postSolution
		{28EED0C8-6AAF-404B-AB7A-0CE9E0E3A1DF}.Debug|Any CPU.ActiveCfg = Debug|Any CPU
		{28EED0C8-6AAF-404B-AB7A-0CE9E0E3A1DF}.Debug|Any CPU.Build.0 = Debug|Any CPU
		{28EED0C8-6AAF-404B-AB7A-0CE9E0E3A1DF}.Release|Any CPU.ActiveCfg = Release|Any CPU
		{28EED0C8-6AAF-404B-AB7A-0CE9E0E3A1DF}.Release|Any CPU.Build.0 = Release|Any CPU
	EndGlobalSection
	GlobalSection(SolutionProperties) = preSolution
		HideSolutionNode = FALSE
	EndGlobalSection
	GlobalSection(ExtensibilityGlobals) = postSolution
		SolutionGuid = {7E681C00-76F4-4E3B-8EEE-27C5D2D6672E}
	EndGlobalSection
EndGlobal
